
Microsoft Visual Studio Solution File, Format Version 12.00
# Visual Studio Version 17
VisualStudioVersion = 17.0.31903.59
MinimumVisualStudioVersion = 10.0.40219.1
Project("{FAE04EC0-301F-11D3-BF4B-00C04F79EFBC}") = "Iono", "Iono\Iono.csproj", "{9DC7A69F-2D1A-4E60-A026-948CB43C1922}"
EndProject
Project("{FAE04EC0-301F-11D3-BF4B-00C04F79EFBC}") = "Trolley", "Trolley\Trolley.csproj", "{4780C9CF-3041-406F-8F9F-2B07E54B7ADF}"
EndProject
Project("{FAE04EC0-301F-11D3-BF4B-00C04F79EFBC}") = "FezandipitiOgerpon", "FezandipitiOgerpon\FezandipitiOgerpon.csproj", "{72DB2AE4-D23E-44AE-B985-771475994EE2}"
EndProject
Global
	GlobalSection(SolutionConfigurationPlatforms) = preSolution
		Debug|Any CPU = Debug|Any CPU
		Release|Any CPU = Release|Any CPU
	EndGlobalSection
	GlobalSection(SolutionProperties) = preSolution
		HideSolutionNode = FALSE
	EndGlobalSection
	GlobalSection(ProjectConfigurationPlatforms) = postSolution
		{9DC7A69F-2D1A-4E60-A026-948CB43C1922}.Debug|Any CPU.ActiveCfg = Debug|Any CPU
		{9DC7A69F-2D1A-4E60-A026-948CB43C1922}.Debug|Any CPU.Build.0 = Debug|Any CPU
		{9DC7A69F-2D1A-4E60-A026-948CB43C1922}.Release|Any CPU.ActiveCfg = Release|Any CPU
		{9DC7A69F-2D1A-4E60-A026-948CB43C1922}.Release|Any CPU.Build.0 = Release|Any CPU
		{4780C9CF-3041-406F-8F9F-2B07E54B7ADF}.Debug|Any CPU.ActiveCfg = Debug|Any CPU
		{4780C9CF-3041-406F-8F9F-2B07E54B7ADF}.Debug|Any CPU.Build.0 = Debug|Any CPU
		{4780C9CF-3041-406F-8F9F-2B07E54B7ADF}.Release|Any CPU.ActiveCfg = Release|Any CPU
		{4780C9CF-3041-406F-8F9F-2B07E54B7ADF}.Release|Any CPU.Build.0 = Release|Any CPU
		{72DB2AE4-D23E-44AE-B985-771475994EE2}.Debug|Any CPU.ActiveCfg = Debug|Any CPU
		{72DB2AE4-D23E-44AE-B985-771475994EE2}.Debug|Any CPU.Build.0 = Debug|Any CPU
		{72DB2AE4-D23E-44AE-B985-771475994EE2}.Release|Any CPU.ActiveCfg = Release|Any CPU
		{72DB2AE4-D23E-44AE-B985-771475994EE2}.Release|Any CPU.Build.0 = Release|Any CPU
	EndGlobalSection
EndGlobal
